
Microsoft Visual Studio Solution File, Format Version 12.00
# Visual Studio 14
VisualStudioVersion = 14.0.24720.0
MinimumVisualStudioVersion = 10.0.40219.1
Project("{FAE04EC0-301F-11D3-BF4B-00C04F79EFBC}") = "WeChatWEB", "WeChatWEB\WeChatWEB.csproj", "{D57360D8-D9E1-45DF-9898-4F2F1F24A773}"
EndProject
Global
	GlobalSection(SolutionConfigurationPlatforms) = preSolution
		Debug|Any CPU = Debug|Any CPU
		Release|Any CPU = Release|Any CPU
	EndGlobalSection
	GlobalSection(ProjectConfigurationPlatforms) = postSolution
		{D57360D8-D9E1-45DF-9898-4F2F1F24A773}.Debug|Any CPU.ActiveCfg = Debug|Any CPU
		{D57360D8-D9E1-45DF-9898-4F2F1F24A773}.Debug|Any CPU.Build.0 = Debug|Any CPU
		{D57360D8-D9E1-45DF-9898-4F2F1F24A773}.Release|Any CPU.ActiveCfg = Release|Any CPU
		{D57360D8-D9E1-45DF-9898-4F2F1F24A773}.Release|Any CPU.Build.0 = Release|Any CPU
	EndGlobalSection
	GlobalSection(SolutionProperties) = preSolution
		HideSolutionNode = FALSE
	EndGlobalSection
EndGlobal
